
Microsoft Visual Studio Solution File, Format Version 11.00
# Visual Studio 2010
Project("{FAE04EC0-301F-11D3-BF4B-00C04F79EFBC}") = "Sales And Inventory Management Project1", "Sales And Inventory Management Project1\Sales And Inventory Management Project1.csproj", "{AFDCA089-58A5-43B3-A105-C92012BBE4FD}"
EndProject
Project("{FAE04EC0-301F-11D3-BF4B-00C04F79EFBC}") = "Sales And Inventory Management.DAO", "Sales And Inventory Management.DAO\Sales And Inventory Management.DAO.csproj", "{20FA5D15-BC15-43B3-A2D2-06CA7307B91F}"
EndProject
Project("{FAE04EC0-301F-11D3-BF4B-00C04F79EFBC}") = "Sales And Inventory Management.SRV", "Sales And Inventory Management.SRV\Sales And Inventory Management.SRV.csproj", "{CAA7797F-E621-46C6-A01A-E583B17C560C}"
EndProject
Global
	GlobalSection(SolutionConfigurationPlatforms) = preSolution
		Debug|Any CPU = Debug|Any CPU
		Debug|Mixed Platforms = Debug|Mixed Platforms
		Debug|x86 = Debug|x86
		Release|Any CPU = Release|Any CPU
		Release|Mixed Platforms = Release|Mixed Platforms
		Release|x86 = Release|x86
	EndGlobalSection
	GlobalSection(ProjectConfigurationPlatforms) = postSolution
		{AFDCA089-58A5-43B3-A105-C92012BBE4FD}.Debug|Any CPU.ActiveCfg = Debug|x86
		{AFDCA089-58A5-43B3-A105-C92012BBE4FD}.Debug|Mixed Platforms.ActiveCfg = Debug|x86
		{AFDCA089-58A5-43B3-A105-C92012BBE4FD}.Debug|Mixed Platforms.Build.0 = Debug|x86
		{AFDCA089-58A5-43B3-A105-C92012BBE4FD}.Debug|x86.ActiveCfg = Debug|x86
		{AFDCA089-58A5-43B3-A105-C92012BBE4FD}.Debug|x86.Build.0 = Debug|x86
		{AFDCA089-58A5-43B3-A105-C92012BBE4FD}.Release|Any CPU.ActiveCfg = Release|x86
		{AFDCA089-58A5-43B3-A105-C92012BBE4FD}.Release|Mixed Platforms.ActiveCfg = Release|x86
		{AFDCA089-58A5-43B3-A105-C92012BBE4FD}.Release|Mixed Platforms.Build.0 = Release|x86
		{AFDCA089-58A5-43B3-A105-C92012BBE4FD}.Release|x86.ActiveCfg = Release|x86
		{AFDCA089-58A5-43B3-A105-C92012BBE4FD}.Release|x86.Build.0 = Release|x86
		{20FA5D15-BC15-43B3-A2D2-06CA7307B91F}.Debug|Any CPU.ActiveCfg = Debug|Any CPU
		{20FA5D15-BC15-43B3-A2D2-06CA7307B91F}.Debug|Any CPU.Build.0 = Debug|Any CPU
		{20FA5D15-BC15-43B3-A2D2-06CA7307B91F}.Debug|Mixed Platforms.ActiveCfg = Debug|Any CPU
		{20FA5D15-BC15-43B3-A2D2-06CA7307B91F}.Debug|Mixed Platforms.Build.0 = Debug|Any CPU
		{20FA5D15-BC15-43B3-A2D2-06CA7307B91F}.Debug|x86.ActiveCfg = Debug|Any CPU
		{20FA5D15-BC15-43B3-A2D2-06CA7307B91F}.Release|Any CPU.ActiveCfg = Release|Any CPU
		{20FA5D15-BC15-43B3-A2D2-06CA7307B91F}.Release|Any CPU.Build.0 = Release|Any CPU
		{20FA5D15-BC15-43B3-A2D2-06CA7307B91F}.Release|Mixed Platforms.ActiveCfg = Release|Any CPU
		{20FA5D15-BC15-43B3-A2D2-06CA7307B91F}.Release|Mixed Platforms.Build.0 = Release|Any CPU
		{20FA5D15-BC15-43B3-A2D2-06CA7307B91F}.Release|x86.ActiveCfg = Release|Any CPU
		{CAA7797F-E621-46C6-A01A-E583B17C560C}.Debug|Any CPU.ActiveCfg = Debug|Any CPU
		{CAA7797F-E621-46C6-A01A-E583B17C560C}.Debug|Any CPU.Build.0 = Debug|Any CPU
		{CAA7797F-E621-46C6-A01A-E583B17C560C}.Debug|Mixed Platforms.ActiveCfg = Debug|Any CPU
		{CAA7797F-E621-46C6-A01A-E583B17C560C}.Debug|Mixed Platforms.Build.0 = Debug|Any CPU
		{CAA7797F-E621-46C6-A01A-E583B17C560C}.Debug|x86.ActiveCfg = Debug|Any CPU
		{CAA7797F-E621-46C6-A01A-E583B17C560C}.Release|Any CPU.ActiveCfg = Release|Any CPU
		{CAA7797F-E621-46C6-A01A-E583B17C560C}.Release|Any CPU.Build.0 = Release|Any CPU
		{CAA7797F-E621-46C6-A01A-E583B17C560C}.Release|Mixed Platforms.ActiveCfg = Release|Any CPU
		{CAA7797F-E621-46C6-A01A-E583B17C560C}.Release|Mixed Platforms.Build.0 = Release|Any CPU
		{CAA7797F-E621-46C6-A01A-E583B17C560C}.Release|x86.ActiveCfg = Release|Any CPU
	EndGlobalSection
	GlobalSection(SolutionProperties) = preSolution
		HideSolutionNode = FALSE
	EndGlobalSection
EndGlobal
